
Microsoft Visual Studio Solution File, Format Version 12.00
# Visual Studio Version 16
VisualStudioVersion = 16.0.30517.126
MinimumVisualStudioVersion = 10.0.40219.1
Project("{FAE04EC0-301F-11D3-BF4B-00C04F79EFBC}") = "CharacterEncoding", "CharacterEncoding.csproj", "{D29B5CBA-F11A-4BC6-9E66-107CF8410793}"
EndProject
Global
	GlobalSection(SolutionConfigurationPlatforms) = preSolution
		Debug|Any CPU = Debug|Any CPU
		Release|Any CPU = Release|Any CPU
	EndGlobalSection
	GlobalSection(ProjectConfigurationPlatforms) = postSolution
		{D29B5CBA-F11A-4BC6-9E66-107CF8410793}.Debug|Any CPU.ActiveCfg = Debug|Any CPU
		{D29B5CBA-F11A-4BC6-9E66-107CF8410793}.Debug|Any CPU.Build.0 = Debug|Any CPU
		{D29B5CBA-F11A-4BC6-9E66-107CF8410793}.Release|Any CPU.ActiveCfg = Release|Any CPU
		{D29B5CBA-F11A-4BC6-9E66-107CF8410793}.Release|Any CPU.Build.0 = Release|Any CPU
	EndGlobalSection
	GlobalSection(SolutionProperties) = preSolution
		HideSolutionNode = FALSE
	EndGlobalSection
	GlobalSection(ExtensibilityGlobals) = postSolution
		SolutionGuid = {4852ED78-8CF9-4555-9338-98FCCE9FC9CC}
	EndGlobalSection
EndGlobal
